
Microsoft Visual Studio Solution File, Format Version 12.00
# Visual Studio Version 17
VisualStudioVersion = 17.6.33829.357
MinimumVisualStudioVersion = 10.0.40219.1
Project("{FAE04EC0-301F-11D3-BF4B-00C04F79EFBC}") = "backend", "backend\backend.csproj", "{2321EB71-7830-4F0F-BD7E-4847D1DD5D35}"
EndProject
Global
	GlobalSection(SolutionConfigurationPlatforms) = preSolution
		Debug|Any CPU = Debug|Any CPU
		Release|Any CPU = Release|Any CPU
	EndGlobalSection
	GlobalSection(ProjectConfigurationPlatforms) = postSolution
		{2321EB71-7830-4F0F-BD7E-4847D1DD5D35}.Debug|Any CPU.ActiveCfg = Debug|Any CPU
		{2321EB71-7830-4F0F-BD7E-4847D1DD5D35}.Debug|Any CPU.Build.0 = Debug|Any CPU
		{2321EB71-7830-4F0F-BD7E-4847D1DD5D35}.Release|Any CPU.ActiveCfg = Release|Any CPU
		{2321EB71-7830-4F0F-BD7E-4847D1DD5D35}.Release|Any CPU.Build.0 = Release|Any CPU
	EndGlobalSection
	GlobalSection(SolutionProperties) = preSolution
		HideSolutionNode = FALSE
	EndGlobalSection
	GlobalSection(ExtensibilityGlobals) = postSolution
		SolutionGuid = {8DEDB824-E36D-4634-95B6-92415C3919F5}
	EndGlobalSection
EndGlobal
